// !$*UTF8*$!
{
	archiveVersion = 1;
	classes = {
	};
	objectVersion = 50;
	objects = {

/* Begin PBXBuildFile section */
		D495B1E32243050F00CEDF54 /* AppDelegate.swift in Sources */ = {isa = PBXBuildFile; fileRef = D495B1E22243050F00CEDF54 /* AppDelegate.swift */; };
		D495B1E52243050F00CEDF54 /* ViewController.swift in Sources */ = {isa = PBXBuildFile; fileRef = D495B1E42243050F00CEDF54 /* ViewController.swift */; };
		D495B1E82243050F00CEDF54 /* Main.storyboard in Resources */ = {isa = PBXBuildFile; fileRef = D495B1E62243050F00CEDF54 /* Main.storyboard */; };
		D495B1EA2243051700CEDF54 /* Assets.xcassets in Resources */ = {isa = PBXBuildFile; fileRef = D495B1E92243051700CEDF54 /* Assets.xcassets */; };
		D495B1ED2243051700CEDF54 /* LaunchScreen.storyboard in Resources */ = {isa = PBXBuildFile; fileRef = D495B1EB2243051700CEDF54 /* LaunchScreen.storyboard */; };
		D495B1F82243051800CEDF54 /* myparseserver1Tests.swift in Sources */ = {isa = PBXBuildFile; fileRef = D495B1F72243051800CEDF54 /* myparseserver1Tests.swift */; };
		D495B2032243051800CEDF54 /* myparseserver1UITests.swift in Sources */ = {isa = PBXBuildFile; fileRef = D495B2022243051800CEDF54 /* myparseserver1UITests.swift */; };
/* End PBXBuildFile section */

/* Begin PBXContainerItemProxy section */
		D495B1F42243051800CEDF54 /* PBXContainerItemProxy */ = {
			isa = PBXContainerItemProxy;
			containerPortal = D495B1D72243050F00CEDF54 /* Project object */;
			proxyType = 1;
			remoteGlobalIDString = D495B1DE2243050F00CEDF54;
			remoteInfo = myparseserver1;
		};
		D495B1FF2243051800CEDF54 /* PBXContainerItemProxy */ = {
			isa = PBXContainerItemProxy;
			containerPortal = D495B1D72243050F00CEDF54 /* Project object */;
			proxyType = 1;
			remoteGlobalIDString = D495B1DE2243050F00CEDF54;
			remoteInfo = myparseserver1;
		};
/* End PBXContainerItemProxy section */

/* Begin PBXFileReference section */
		D495B1DF2243050F00CEDF54 /* myparseserver1.app */ = {isa = PBXFileReference; explicitFileType = wrapper.application; includeInIndex = 0; path = myparseserver1.app; sourceTree = BUILT_PRODUCTS_DIR; };
		D495B1E22243050F00CEDF54 /* AppDelegate.swift */ = {isa = PBXFileReference; lastKnownFileType = sourcecode.swift; path = AppDelegate.swift; sourceTree = "<group>"; };
		D495B1E42243050F00CEDF54 /* ViewController.swift */ = {isa = PBXFileReference; lastKnownFileType = sourcecode.swift; path = ViewController.swift; sourceTree = "<group>"; };
		D495B1E72243050F00CEDF54 /* Base */ = {isa = PBXFileReference; lastKnownFileType = file.storyboard; name = Base; path = Base.lproj/Main.storyboard; sourceTree = "<group>"; };
		D495B1E92243051700CEDF54 /* Assets.xcassets */ = {isa = PBXFileReference; lastKnownFileType = folder.assetcatalog; path = Assets.xcassets; sourceTree = "<group>"; };
		D495B1EC2243051700CEDF54 /* Base */ = {isa = PBXFileReference; lastKnownFileType = file.storyboard; name = Base; path = Base.lproj/LaunchScreen.storyboard; sourceTree = "<group>"; };
		D495B1EE2243051700CEDF54 /* Info.plist */ = {isa = PBXFileReference; lastKnownFileType = text.plist.xml; path = Info.plist; sourceTree = "<group>"; };
		D495B1F32243051800CEDF54 /* myparseserver1Tests.xctest */ = {isa = PBXFileReference; explicitFileType = wrapper.cfbundle; includeInIndex = 0; path = myparseserver1Tests.xctest; sourceTree = BUILT_PRODUCTS_DIR; };
		D495B1F72243051800CEDF54 /* myparseserver1Tests.swift */ = {isa = PBXFileReference; lastKnownFileType = sourcecode.swift; path = myparseserver1Tests.swift; sourceTree = "<group>"; };
		D495B1F92243051800CEDF54 /* Info.plist */ = {isa = PBXFileReference; lastKnownFileType = text.plist.xml; path = Info.plist; sourceTree = "<group>"; };
		D495B1FE2243051800CEDF54 /* myparseserver1UITests.xctest */ = {isa = PBXFileReference; explicitFileType = wrapper.cfbundle; includeInIndex = 0; path = myparseserver1UITests.xctest; sourceTree = BUILT_PRODUCTS_DIR; };
		D495B2022243051800CEDF54 /* myparseserver1UITests.swift */ = {isa = PBXFileReference; lastKnownFileType = sourcecode.swift; path = myparseserver1UITests.swift; sourceTree = "<group>"; };
		D495B2042243051800CEDF54 /* Info.plist */ = {isa = PBXFileReference; lastKnownFileType = text.plist.xml; path = Info.plist; sourceTree = "<group>"; };
/* End PBXFileReference section */

/* Begin PBXFrameworksBuildPhase section */
		D495B1DC2243050F00CEDF54 /* Frameworks */ = {
			isa = PBXFrameworksBuildPhase;
			buildActionMask = 2147483647;
			files = (
			);
			runOnlyForDeploymentPostprocessing = 0;
		};
		D495B1F02243051800CEDF54 /* Frameworks */ = {
			isa = PBXFrameworksBuildPhase;
			buildActionMask = 2147483647;
			files = (
			);
			runOnlyForDeploymentPostprocessing = 0;
		};
		D495B1FB2243051800CEDF54 /* Frameworks */ = {
			isa = PBXFrameworksBuildPhase;
			buildActionMask = 2147483647;
			files = (
			);
			runOnlyForDeploymentPostprocessing = 0;
		};
/* End PBXFrameworksBuildPhase section */

/* Begin PBXGroup section */
		D495B1D62243050F00CEDF54 = {
			isa = PBXGroup;
			children = (
				D495B1E12243050F00CEDF54 /* myparseserver1 */,
				D495B1F62243051800CEDF54 /* myparseserver1Tests */,
				D495B2012243051800CEDF54 /* myparseserver1UITests */,
				D495B1E02243050F00CEDF54 /* Products */,
			);
			sourceTree = "<group>";
		};
		D495B1E02243050F00CEDF54 /* Products */ = {
			isa = PBXGroup;
			children = (
				D495B1DF2243050F00CEDF54 /* myparseserver1.app */,
				D495B1F32243051800CEDF54 /* myparseserver1Tests.xctest */,
				D495B1FE2243051800CEDF54 /* myparseserver1UITests.xctest */,
			);
			name = Products;
			sourceTree = "<group>";
		};
		D495B1E12243050F00CEDF54 /* myparseserver1 */ = {
			isa = PBXGroup;
			children = (
				D495B1E22243050F00CEDF54 /* AppDelegate.swift */,
				D495B1E42243050F00CEDF54 /* ViewController.swift */,
				D495B1E62243050F00CEDF54 /* Main.storyboard */,
				D495B1E92243051700CEDF54 /* Assets.xcassets */,
				D495B1EB2243051700CEDF54 /* LaunchScreen.storyboard */,
				D495B1EE2243051700CEDF54 /* Info.plist */,
			);
			path = myparseserver1;
			sourceTree = "<group>";
		};
		D495B1F62243051800CEDF54 /* myparseserver1Tests */ = {
			isa = PBXGroup;
			children = (
				D495B1F72243051800CEDF54 /* myparseserver1Tests.swift */,
				D495B1F92243051800CEDF54 /* Info.plist */,
			);
			path = myparseserver1Tests;
			sourceTree = "<group>";
		};
		D495B2012243051800CEDF54 /* myparseserver1UITests */ = {
			isa = PBXGroup;
			children = (
				D495B2022243051800CEDF54 /* myparseserver1UITests.swift */,
				D495B2042243051800CEDF54 /* Info.plist */,
			);
			path = myparseserver1UITests;
			sourceTree = "<group>";
		};
/* End PBXGroup section */

/* Begin PBXNativeTarget section */
		D495B1DE2243050F00CEDF54 /* myparseserver1 */ = {
			isa = PBXNativeTarget;
			buildConfigurationList = D495B2072243051800CEDF54 /* Build configuration list for PBXNativeTarget "myparseserver1" */;
			buildPhases = (
				D495B1DB2243050F00CEDF54 /* Sources */,
				D495B1DC2243050F00CEDF54 /* Frameworks */,
				D495B1DD2243050F00CEDF54 /* Resources */,
			);
			buildRules = (
			);
			dependencies = (
			);
			name = myparseserver1;
			productName = myparseserver1;
			productReference = D495B1DF2243050F00CEDF54 /* myparseserver1.app */;
			productType = "com.apple.product-type.application";
		};
		D495B1F22243051800CEDF54 /* myparseserver1Tests */ = {
			isa = PBXNativeTarget;
			buildConfigurationList = D495B20A2243051800CEDF54 /* Build configuration list for PBXNativeTarget "myparseserver1Tests" */;
			buildPhases = (
				D495B1EF2243051800CEDF54 /* Sources */,
				D495B1F02243051800CEDF54 /* Frameworks */,
				D495B1F12243051800CEDF54 /* Resources */,
			);
			buildRules = (
			);
			dependencies = (
				D495B1F52243051800CEDF54 /* PBXTargetDependency */,
			);
			name = myparseserver1Tests;
			productName = myparseserver1Tests;
			productReference = D495B1F32243051800CEDF54 /* myparseserver1Tests.xctest */;
			productType = "com.apple.product-type.bundle.unit-test";
		};
		D495B1FD2243051800CEDF54 /* myparseserver1UITests */ = {
			isa = PBXNativeTarget;
			buildConfigurationList = D495B20D2243051800CEDF54 /* Build configuration list for PBXNativeTarget "myparseserver1UITests" */;
			buildPhases = (
				D495B1FA2243051800CEDF54 /* Sources */,
				D495B1FB2243051800CEDF54 /* Frameworks */,
				D495B1FC2243051800CEDF54 /* Resources */,
			);
			buildRules = (
			);
			dependencies = (
				D495B2002243051800CEDF54 /* PBXTargetDependency */,
			);
			name = myparseserver1UITests;
			productName = myparseserver1UITests;
			productReference = D495B1FE2243051800CEDF54 /* myparseserver1UITests.xctest */;
			productType = "com.apple.product-type.bundle.ui-testing";
		};
/* End PBXNativeTarget section */

/* Begin PBXProject section */
		D495B1D72243050F00CEDF54 /* Project object */ = {
			isa = PBXProject;
			attributes = {
				LastSwiftUpdateCheck = 1010;
				LastUpgradeCheck = 1010;
				ORGANIZATIONNAME = rob;
				TargetAttributes = {
					D495B1DE2243050F00CEDF54 = {
						CreatedOnToolsVersion = 10.1;
					};
					D495B1F22243051800CEDF54 = {
						CreatedOnToolsVersion = 10.1;
						TestTargetID = D495B1DE2243050F00CEDF54;
					};
					D495B1FD2243051800CEDF54 = {
						CreatedOnToolsVersion = 10.1;
						TestTargetID = D495B1DE2243050F00CEDF54;
					};
				};
			};
			buildConfigurationList = D495B1DA2243050F00CEDF54 /* Build configuration list for PBXProject "myparseserver1" */;
			compatibilityVersion = "Xcode 9.3";
			developmentRegion = en;
			hasScannedForEncodings = 0;
			knownRegions = (
				en,
				Base,
			);
			mainGroup = D495B1D62243050F00CEDF54;
			productRefGroup = D495B1E02243050F00CEDF54 /* Products */;
			projectDirPath = "";
			projectRoot = "";
			targets = (
				D495B1DE2243050F00CEDF54 /* myparseserver1 */,
				D495B1F22243051800CEDF54 /* myparseserver1Tests */,
				D495B1FD2243051800CEDF54 /* myparseserver1UITests */,
			);
		};
/* End PBXProject section */

/* Begin PBXResourcesBuildPhase section */
		D495B1DD2243050F00CEDF54 /* Resources */ = {
			isa = PBXResourcesBuildPhase;
			buildActionMask = 2147483647;
			files = (
				D495B1ED2243051700CEDF54 /* LaunchScreen.storyboard in Resources */,
				D495B1EA2243051700CEDF54 /* Assets.xcassets in Resources */,
				D495B1E82243050F00CEDF54 /* Main.storyboard in Resources */,
			);
			runOnlyForDeploymentPostprocessing = 0;
		};
		D495B1F12243051800CEDF54 /* Resources */ = {
			isa = PBXResourcesBuildPhase;
			buildActionMask = 2147483647;
			files = (
			);
			runOnlyForDeploymentPostprocessing = 0;
		};
		D495B1FC2243051800CEDF54 /* Resources */ = {
			isa = PBXResourcesBuildPhase;
			buildActionMask = 2147483647;
			files = (
			);
			runOnlyForDeploymentPostprocessing = 0;
		};
/* End PBXResourcesBuildPhase section */

/* Begin PBXSourcesBuildPhase section */
		D495B1DB2243050F00CEDF54 /* Sources */ = {
			isa = PBXSourcesBuildPhase;
			buildActionMask = 2147483647;
			files = (
				D495B1E52243050F00CEDF54 /* ViewController.swift in Sources */,
				D495B1E32243050F00CEDF54 /* AppDelegate.swift in Sources */,
			);
			runOnlyForDeploymentPostprocessing = 0;
		};
		D495B1EF2243051800CEDF54 /* Sources */ = {
			isa = PBXSourcesBuildPhase;
			buildActionMask = 2147483647;
			files = (
				D495B1F82243051800CEDF54 /* myparseserver1Tests.swift in Sources */,
			);
			runOnlyForDeploymentPostprocessing = 0;
		};
		D495B1FA2243051800CEDF54 /* Sources */ = {
			isa = PBXSourcesBuildPhase;
			buildActionMask = 2147483647;
			files = (
				D495B2032243051800CEDF54 /* myparseserver1UITests.swift in Sources */,
			);
			runOnlyForDeploymentPostprocessing = 0;
		};
/* End PBXSourcesBuildPhase section */

/* Begin PBXTargetDependency section */
		D495B1F52243051800CEDF54 /* PBXTargetDependency */ = {
			isa = PBXTargetDependency;
			target = D495B1DE2243050F00CEDF54 /* myparseserver1 */;
			targetProxy = D495B1F42243051800CEDF54 /* PBXContainerItemProxy */;
		};
		D495B2002243051800CEDF54 /* PBXTargetDependency */ = {
			isa = PBXTargetDependency;
			target = D495B1DE2243050F00CEDF54 /* myparseserver1 */;
			targetProxy = D495B1FF2243051800CEDF54 /* PBXContainerItemProxy */;
		};
/* End PBXTargetDependency section */

/* Begin PBXVariantGroup section */
		D495B1E62243050F00CEDF54 /* Main.storyboard */ = {
			isa = PBXVariantGroup;
			children = (
				D495B1E72243050F00CEDF54 /* Base */,
			);
			name = Main.storyboard;
			sourceTree = "<group>";
		};
		D495B1EB2243051700CEDF54 /* LaunchScreen.storyboard */ = {
			isa = PBXVariantGroup;
			children = (
				D495B1EC2243051700CEDF54 /* Base */,
			);
			name = LaunchScreen.storyboard;
			sourceTree = "<group>";
		};
/* End PBXVariantGroup section */

/* Begin XCBuildConfiguration section */
		D495B2052243051800CEDF54 /* Debug */ = {
			isa = XCBuildConfiguration;
			buildSettings = {
				ALWAYS_SEARCH_USER_PATHS = NO;
				CLANG_ANALYZER_NONNULL = YES;
				CLANG_ANALYZER_NUMBER_OBJECT_CONVERSION = YES_AGGRESSIVE;
				CLANG_CXX_LANGUAGE_STANDARD = "gnu++14";
				CLANG_CXX_LIBRARY = "libc++";
				CLANG_ENABLE_MODULES = YES;
				CLANG_ENABLE_OBJC_ARC = YES;
				CLANG_ENABLE_OBJC_WEAK = YES;
				CLANG_WARN_BLOCK_CAPTURE_AUTORELEASING = YES;
				CLANG_WARN_BOOL_CONVERSION = YES;
				CLANG_WARN_COMMA = YES;
				CLANG_WARN_CONSTANT_CONVERSION = YES;
				CLANG_WARN_DEPRECATED_OBJC_IMPLEMENTATIONS = YES;
				CLANG_WARN_DIRECT_OBJC_ISA_USAGE = YES_ERROR;
				CLANG_WARN_DOCUMENTATION_COMMENTS = YES;
				CLANG_WARN_EMPTY_BODY = YES;
				CLANG_WARN_ENUM_CONVERSION = YES;
				CLANG_WARN_INFINITE_RECURSION = YES;
				CLANG_WARN_INT_CONVERSION = YES;
				CLANG_WARN_NON_LITERAL_NULL_CONVERSION = YES;
				CLANG_WARN_OBJC_IMPLICIT_RETAIN_SELF = YES;
				CLANG_WARN_OBJC_LITERAL_CONVERSION = YES;
				CLANG_WARN_OBJC_ROOT_CLASS = YES_ERROR;
				CLANG_WARN_RANGE_LOOP_ANALYSIS = YES;
				CLANG_WARN_STRICT_PROTOTYPES = YES;
				CLANG_WARN_SUSPICIOUS_MOVE = YES;
				CLANG_WARN_UNGUARDED_AVAILABILITY = YES_AGGRESSIVE;
				CLANG_WARN_UNREACHABLE_CODE = YES;
				CLANG_WARN__DUPLICATE_METHOD_MATCH = YES;
				CODE_SIGN_IDENTITY = "iPhone Developer";
				COPY_PHASE_STRIP = NO;
				DEBUG_INFORMATION_FORMAT = dwarf;
				ENABLE_STRICT_OBJC_MSGSEND = YES;
				ENABLE_TESTABILITY = YES;
				GCC_C_LANGUAGE_STANDARD = gnu11;
				GCC_DYNAMIC_NO_PIC = NO;
				GCC_NO_COMMON_BLOCKS = YES;
				GCC_OPTIMIZATION_LEVEL = 0;
				GCC_PREPROCESSOR_DEFINITIONS = (
					"DEBUG=1",
					"$(inherited)",
				);
				GCC_WARN_64_TO_32_BIT_CONVERSION = YES;
				GCC_WARN_ABOUT_RETURN_TYPE = YES_ERROR;
				GCC_WARN_UNDECLARED_SELECTOR = YES;
				GCC_WARN_UNINITIALIZED_AUTOS = YES_AGGRESSIVE;
				GCC_WARN_UNUSED_FUNCTION = YES;
				GCC_WARN_UNUSED_VARIABLE = YES;
				IPHONEOS_DEPLOYMENT_TARGET = 12.1;
				MTL_ENABLE_DEBUG_INFO = INCLUDE_SOURCE;
				MTL_FAST_MATH = YES;
				ONLY_ACTIVE_ARCH = YES;
				SDKROOT = iphoneos;
				SWIFT_ACTIVE_COMPILATION_CONDITIONS = DEBUG;
				SWIFT_OPTIMIZATION_LEVEL = "-Onone";
			};
			name = Debug;
		};
		D495B2062243051800CEDF54 /* Release */ = {
			isa = XCBuildConfiguration;
			buildSettings = {
				ALWAYS_SEARCH_USER_PATHS = NO;
				CLANG_ANALYZER_NONNULL = YES;
				CLANG_ANALYZER_NUMBER_OBJECT_CONVERSION = YES_AGGRESSIVE;
				CLANG_CXX_LANGUAGE_STANDARD = "gnu++14";
				CLANG_CXX_LIBRARY = "libc++";
				CLANG_ENABLE_MODULES = YES;
				CLANG_ENABLE_OBJC_ARC = YES;
				CLANG_ENABLE_OBJC_WEAK = YES;
				CLANG_WARN_BLOCK_CAPTURE_AUTORELEASING = YES;
				CLANG_WARN_BOOL_CONVERSION = YES;
				CLANG_WARN_COMMA = YES;
				CLANG_WARN_CONSTANT_CONVERSION = YES;
				CLANG_WARN_DEPRECATED_OBJC_IMPLEMENTATIONS = YES;
				CLANG_WARN_DIRECT_OBJC_ISA_USAGE = YES_ERROR;
				CLANG_WARN_DOCUMENTATION_COMMENTS = YES;
				CLANG_WARN_EMPTY_BODY = YES;
				CLANG_WARN_ENUM_CONVERSION = YES;
				CLANG_WARN_INFINITE_RECURSION = YES;
				CLANG_WARN_INT_CONVERSION = YES;
				CLANG_WARN_NON_LITERAL_NULL_CONVERSION = YES;
				CLANG_WARN_OBJC_IMPLICIT_RETAIN_SELF = YES;
				CLANG_WARN_OBJC_LITERAL_CONVERSION = YES;
				CLANG_WARN_OBJC_ROOT_CLASS = YES_ERROR;
				CLANG_WARN_RANGE_LOOP_ANALYSIS = YES;
				CLANG_WARN_STRICT_PROTOTYPES = YES;
				CLANG_WARN_SUSPICIOUS_MOVE = YES;
				CLANG_WARN_UNGUARDED_AVAILABILITY = YES_AGGRESSIVE;
				CLANG_WARN_UNREACHABLE_CODE = YES;
				CLANG_WARN__DUPLICATE_METHOD_MATCH = YES;
				CODE_SIGN_IDENTITY = "iPhone Developer";
				COPY_PHASE_STRIP = NO;
				DEBUG_INFORMATION_FORMAT = "dwarf-with-dsym";
				ENABLE_NS_ASSERTIONS = NO;
				ENABLE_STRICT_OBJC_MSGSEND = YES;
				GCC_C_LANGUAGE_STANDARD = gnu11;
				GCC_NO_COMMON_BLOCKS = YES;
				GCC_WARN_64_TO_32_BIT_CONVERSION = YES;
				GCC_WARN_ABOUT_RETURN_TYPE = YES_ERROR;
				GCC_WARN_UNDECLARED_SELECTOR = YES;
				GCC_WARN_UNINITIALIZED_AUTOS = YES_AGGRESSIVE;
				GCC_WARN_UNUSED_FUNCTION = YES;
				GCC_WARN_UNUSED_VARIABLE = YES;
				IPHONEOS_DEPLOYMENT_TARGET = 12.1;
				MTL_ENABLE_DEBUG_INFO = NO;
				MTL_FAST_MATH = YES;
				SDKROOT = iphoneos;
				SWIFT_COMPILATION_MODE = wholemodule;
				SWIFT_OPTIMIZATION_LEVEL = "-O";
				VALIDATE_PRODUCT = YES;
			};
			name = Release;
		};
		D495B2082243051800CEDF54 /* Debug */ = {
			isa = XCBuildConfiguration;
			buildSettings = {
				ASSETCATALOG_COMPILER_APPICON_NAME = AppIcon;
				CODE_SIGN_STYLE = Automatic;
				INFOPLIST_FILE = myparseserver1/Info.plist;
				LD_RUNPATH_SEARCH_PATHS = (
					"$(inherited)",
					"@executable_path/Frameworks",
				);
				PRODUCT_BUNDLE_IDENTIFIER = kj.myparseserver1;
				PRODUCT_NAME = "$(TARGET_NAME)";
				SWIFT_VERSION = 4.2;
				TARGETED_DEVICE_FAMILY = "1,2";
			};
			name = Debug;
		};
		D495B2092243051800CEDF54 /* Release */ = {
			isa = XCBuildConfiguration;
			buildSettings = {
				ASSETCATALOG_COMPILER_APPICON_NAME = AppIcon;
				CODE_SIGN_STYLE = Automatic;
				INFOPLIST_FILE = myparseserver1/Info.plist;
				LD_RUNPATH_SEARCH_PATHS = (
					"$(inherited)",
					"@executable_path/Frameworks",
				);
				PRODUCT_BUNDLE_IDENTIFIER = kj.myparseserver1;
				PRODUCT_NAME = "$(TARGET_NAME)";
				SWIFT_VERSION = 4.2;
				TARGETED_DEVICE_FAMILY = "1,2";
			};
			name = Release;
		};
		D495B20B2243051800CEDF54 /* Debug */ = {
			isa = XCBuildConfiguration;
			buildSettings = {
				ALWAYS_EMBED_SWIFT_STANDARD_LIBRARIES = YES;
				BUNDLE_LOADER = "$(TEST_HOST)";
				CODE_SIGN_STYLE = Automatic;
				INFOPLIST_FILE = myparseserver1Tests/Info.plist;
				LD_RUNPATH_SEARCH_PATHS = (
					"$(inherited)",
					"@executable_path/Frameworks",
					"@loader_path/Frameworks",
				);
				PRODUCT_BUNDLE_IDENTIFIER = kj.myparseserver1Tests;
				PRODUCT_NAME = "$(TARGET_NAME)";
				SWIFT_VERSION = 4.2;
				TARGETED_DEVICE_FAMILY = "1,2";
				TEST_HOST = "$(BUILT_PRODUCTS_DIR)/myparseserver1.app/myparseserver1";
			};
			name = Debug;
		};
		D495B20C2243051800CEDF54 /* Release */ = {
			isa = XCBuildConfiguration;
			buildSettings = {
				ALWAYS_EMBED_SWIFT_STANDARD_LIBRARIES = YES;
				BUNDLE_LOADER = "$(TEST_HOST)";
				CODE_SIGN_STYLE = Automatic;
				INFOPLIST_FILE = myparseserver1Tests/Info.plist;
				LD_RUNPATH_SEARCH_PATHS = (
					"$(inherited)",
					"@executable_path/Frameworks",
					"@loader_path/Frameworks",
				);
				PRODUCT_BUNDLE_IDENTIFIER = kj.myparseserver1Tests;
				PRODUCT_NAME = "$(TARGET_NAME)";
				SWIFT_VERSION = 4.2;
				TARGETED_DEVICE_FAMILY = "1,2";
				TEST_HOST = "$(BUILT_PRODUCTS_DIR)/myparseserver1.app/myparseserver1";
			};
			name = Release;
		};
		D495B20E2243051800CEDF54 /* Debug */ = {
			isa = XCBuildConfiguration;
			buildSettings = {
				ALWAYS_EMBED_SWIFT_STANDARD_LIBRARIES = YES;
				CODE_SIGN_STYLE = Automatic;
				INFOPLIST_FILE = myparseserver1UITests/Info.plist;
				LD_RUNPATH_SEARCH_PATHS = (
					"$(inherited)",
					"@executable_path/Frameworks",
					"@loader_path/Frameworks",
				);
				PRODUCT_BUNDLE_IDENTIFIER = kj.myparseserver1UITests;
				PRODUCT_NAME = "$(TARGET_NAME)";
				SWIFT_VERSION = 4.2;
				TARGETED_DEVICE_FAMILY = "1,2";
				TEST_TARGET_NAME = myparseserver1;
			};
			name = Debug;
		};
		D495B20F2243051800CEDF54 /* Release */ = {
			isa = XCBuildConfiguration;
			buildSettings = {
				ALWAYS_EMBED_SWIFT_STANDARD_LIBRARIES = YES;
				CODE_SIGN_STYLE = Automatic;
				INFOPLIST_FILE = myparseserver1UITests/Info.plist;
				LD_RUNPATH_SEARCH_PATHS = (
					"$(inherited)",
					"@executable_path/Frameworks",
					"@loader_path/Frameworks",
				);
				PRODUCT_BUNDLE_IDENTIFIER = kj.myparseserver1UITests;
				PRODUCT_NAME = "$(TARGET_NAME)";
				SWIFT_VERSION = 4.2;
				TARGETED_DEVICE_FAMILY = "1,2";
				TEST_TARGET_NAME = myparseserver1;
			};
			name = Release;
		};
/* End XCBuildConfiguration section */

/* Begin XCConfigurationList section */
		D495B1DA2243050F00CEDF54 /* Build configuration list for PBXProject "myparseserver1" */ = {
			isa = XCConfigurationList;
			buildConfigurations = (
				D495B2052243051800CEDF54 /* Debug */,
				D495B2062243051800CEDF54 /* Release */,
			);
			defaultConfigurationIsVisible = 0;
			defaultConfigurationName = Release;
		};
		D495B2072243051800CEDF54 /* Build configuration list for PBXNativeTarget "myparseserver1" */ = {
			isa = XCConfigurationList;
			buildConfigurations = (
				D495B2082243051800CEDF54 /* Debug */,
				D495B2092243051800CEDF54 /* Release */,
			);
			defaultConfigurationIsVisible = 0;
			defaultConfigurationName = Release;
		};
		D495B20A2243051800CEDF54 /* Build configuration list for PBXNativeTarget "myparseserver1Tests" */ = {
			isa = XCConfigurationList;
			buildConfigurations = (
				D495B20B2243051800CEDF54 /* Debug */,
				D495B20C2243051800CEDF54 /* Release */,
			);
			defaultConfigurationIsVisible = 0;
			defaultConfigurationName = Release;
		};
		D495B20D2243051800CEDF54 /* Build configuration list for PBXNativeTarget "myparseserver1UITests" */ = {
			isa = XCConfigurationList;
			buildConfigurations = (
				D495B20E2243051800CEDF54 /* Debug */,
				D495B20F2243051800CEDF54 /* Release */,
			);
			defaultConfigurationIsVisible = 0;
			defaultConfigurationName = Release;
		};
/* End XCConfigurationList section */
	};
	rootObject = D495B1D72243050F00CEDF54 /* Project object */;
}
